
Microsoft Visual Studio Solution File, Format Version 12.00
# Visual Studio Version 16
VisualStudioVersion = 16.0.34407.143
MinimumVisualStudioVersion = 10.0.40219.1
Project("{FAE04EC0-301F-11D3-BF4B-00C04F79EFBC}") = "EJ-1", "EJ-1\EJ-1.csproj", "{71E08E6E-2438-4F86-98D0-32BA37619F65}"
EndProject
Global
	GlobalSection(SolutionConfigurationPlatforms) = preSolution
		Debug|Any CPU = Debug|Any CPU
		Release|Any CPU = Release|Any CPU
	EndGlobalSection
	GlobalSection(ProjectConfigurationPlatforms) = postSolution
		{71E08E6E-2438-4F86-98D0-32BA37619F65}.Debug|Any CPU.ActiveCfg = Debug|Any CPU
		{71E08E6E-2438-4F86-98D0-32BA37619F65}.Debug|Any CPU.Build.0 = Debug|Any CPU
		{71E08E6E-2438-4F86-98D0-32BA37619F65}.Release|Any CPU.ActiveCfg = Release|Any CPU
		{71E08E6E-2438-4F86-98D0-32BA37619F65}.Release|Any CPU.Build.0 = Release|Any CPU
	EndGlobalSection
	GlobalSection(SolutionProperties) = preSolution
		HideSolutionNode = FALSE
	EndGlobalSection
	GlobalSection(ExtensibilityGlobals) = postSolution
		SolutionGuid = {CFED2A8F-755B-40EB-936B-AB4CE3CE9286}
	EndGlobalSection
EndGlobal
